// !$*UTF8*$!
{
	archiveVersion = 1;
	classes = {
	};
	objectVersion = 46;
	objects = {

/* Begin PBXBuildFile section */
		4BCBAEEF1A16AA7F00AC5F13 /* main.cpp in Sources */ = {isa = PBXBuildFile; fileRef = 4BCBAEEE1A16AA7F00AC5F13 /* main.cpp */; };
/* End PBXBuildFile section */

/* Begin PBXCopyFilesBuildPhase section */
		4BCBAEE91A16AA7F00AC5F13 /* CopyFiles */ = {
			isa = PBXCopyFilesBuildPhase;
			buildActionMask = 2147483647;
			dstPath = /usr/share/man/man1/;
			dstSubfolderSpec = 0;
			files = (
			);
			runOnlyForDeploymentPostprocessing = 1;
		};
/* End PBXCopyFilesBuildPhase section */

/* Begin PBXFileReference section */
		4BCBAEEB1A16AA7F00AC5F13 /* 10001PrimeNumber */ = {isa = PBXFileReference; explicitFileType = "compiled.mach-o.executable"; includeInIndex = 0; path = 10001PrimeNumber; sourceTree = BUILT_PRODUCTS_DIR; };
		4BCBAEEE1A16AA7F00AC5F13 /* main.cpp */ = {isa = PBXFileReference; lastKnownFileType = sourcecode.cpp.cpp; path = main.cpp; sourceTree = "<group>"; };
/* End PBXFileReference section */

/* Begin PBXFrameworksBuildPhase section */
		4BCBAEE81A16AA7F00AC5F13 /* Frameworks */ = {
			isa = PBXFrameworksBuildPhase;
			buildActionMask = 2147483647;
			files = (
			);
			runOnlyForDeploymentPostprocessing = 0;
		};
/* End PBXFrameworksBuildPhase section */

/* Begin PBXGroup section */
		4BCBAEE21A16AA7E00AC5F13 = {
			isa = PBXGroup;
			children = (
				4BCBAEED1A16AA7F00AC5F13 /* 10001PrimeNumber */,
				4BCBAEEC1A16AA7F00AC5F13 /* Products */,
			);
			sourceTree = "<group>";
		};
		4BCBAEEC1A16AA7F00AC5F13 /* Products */ = {
			isa = PBXGroup;
			children = (
				4BCBAEEB1A16AA7F00AC5F13 /* 10001PrimeNumber */,
			);
			name = Products;
			sourceTree = "<group>";
		};
		4BCBAEED1A16AA7F00AC5F13 /* 10001PrimeNumber */ = {
			isa = PBXGroup;
			children = (
				4BCBAEEE1A16AA7F00AC5F13 /* main.cpp */,
			);
			path = 10001PrimeNumber;
			sourceTree = "<group>";
		};
/* End PBXGroup section */

/* Begin PBXNativeTarget section */
		4BCBAEEA1A16AA7F00AC5F13 /* 10001PrimeNumber */ = {
			isa = PBXNativeTarget;
			buildConfigurationList = 4BCBAEF21A16AA7F00AC5F13 /* Build configuration list for PBXNativeTarget "10001PrimeNumber" */;
			buildPhases = (
				4BCBAEE71A16AA7F00AC5F13 /* Sources */,
				4BCBAEE81A16AA7F00AC5F13 /* Frameworks */,
				4BCBAEE91A16AA7F00AC5F13 /* CopyFiles */,
			);
			buildRules = (
			);
			dependencies = (
			);
			name = 10001PrimeNumber;
			productName = 10001PrimeNumber;
			productReference = 4BCBAEEB1A16AA7F00AC5F13 /* 10001PrimeNumber */;
			productType = "com.apple.product-type.tool";
		};
/* End PBXNativeTarget section */

/* Begin PBXProject section */
		4BCBAEE31A16AA7E00AC5F13 /* Project object */ = {
			isa = PBXProject;
			attributes = {
				LastUpgradeCheck = 0610;
				ORGANIZATIONNAME = Nikkev;
				TargetAttributes = {
					4BCBAEEA1A16AA7F00AC5F13 = {
						CreatedOnToolsVersion = 6.1;
					};
				};
			};
			buildConfigurationList = 4BCBAEE61A16AA7E00AC5F13 /* Build configuration list for PBXProject "10001PrimeNumber" */;
			compatibilityVersion = "Xcode 3.2";
			developmentRegion = English;
			hasScannedForEncodings = 0;
			knownRegions = (
				en,
			);
			mainGroup = 4BCBAEE21A16AA7E00AC5F13;
			productRefGroup = 4BCBAEEC1A16AA7F00AC5F13 /* Products */;
			projectDirPath = "";
			projectRoot = "";
			targets = (
				4BCBAEEA1A16AA7F00AC5F13 /* 10001PrimeNumber */,
			);
		};
/* End PBXProject section */

/* Begin PBXSourcesBuildPhase section */
		4BCBAEE71A16AA7F00AC5F13 /* Sources */ = {
			isa = PBXSourcesBuildPhase;
			buildActionMask = 2147483647;
			files = (
				4BCBAEEF1A16AA7F00AC5F13 /* main.cpp in Sources */,
			);
			runOnlyForDeploymentPostprocessing = 0;
		};
/* End PBXSourcesBuildPhase section */

/* Begin XCBuildConfiguration section */
		4BCBAEF01A16AA7F00AC5F13 /* Debug */ = {
			isa = XCBuildConfiguration;
			buildSettings = {
				ALWAYS_SEARCH_USER_PATHS = NO;
				CLANG_CXX_LANGUAGE_STANDARD = "gnu++0x";
				CLANG_CXX_LIBRARY = "libc++";
				CLANG_ENABLE_MODULES = YES;
				CLANG_ENABLE_OBJC_ARC = YES;
				CLANG_WARN_BOOL_CONVERSION = YES;
				CLANG_WARN_CONSTANT_CONVERSION = YES;
				CLANG_WARN_DIRECT_OBJC_ISA_USAGE = YES_ERROR;
				CLANG_WARN_EMPTY_BODY = YES;
				CLANG_WARN_ENUM_CONVERSION = YES;
				CLANG_WARN_INT_CONVERSION = YES;
				CLANG_WARN_OBJC_ROOT_CLASS = YES_ERROR;
				CLANG_WARN_UNREACHABLE_CODE = YES;
				CLANG_WARN__DUPLICATE_METHOD_MATCH = YES;
				COPY_PHASE_STRIP = NO;
				ENABLE_STRICT_OBJC_MSGSEND = YES;
				GCC_C_LANGUAGE_STANDARD = gnu99;
				GCC_DYNAMIC_NO_PIC = NO;
				GCC_OPTIMIZATION_LEVEL = 0;
				GCC_PREPROCESSOR_DEFINITIONS = (
					"DEBUG=1",
					"$(inherited)",
				);
				GCC_SYMBOLS_PRIVATE_EXTERN = NO;
				GCC_WARN_64_TO_32_BIT_CONVERSION = YES;
				GCC_WARN_ABOUT_RETURN_TYPE = YES_ERROR;
				GCC_WARN_UNDECLARED_SELECTOR = YES;
				GCC_WARN_UNINITIALIZED_AUTOS = YES_AGGRESSIVE;
				GCC_WARN_UNUSED_FUNCTION = YES;
				GCC_WARN_UNUSED_VARIABLE = YES;
				MACOSX_DEPLOYMENT_TARGET = 10.10;
				MTL_ENABLE_DEBUG_INFO = YES;
				ONLY_ACTIVE_ARCH = YES;
				SDKROOT = macosx;
			};
			name = Debug;
		};
		4BCBAEF11A16AA7F00AC5F13 /* Release */ = {
			isa = XCBuildConfiguration;
			buildSettings = {
				ALWAYS_SEARCH_USER_PATHS = NO;
				CLANG_CXX_LANGUAGE_STANDARD = "gnu++0x";
				CLANG_CXX_LIBRARY = "libc++";
				CLANG_ENABLE_MODULES = YES;
				CLANG_ENABLE_OBJC_ARC = YES;
				CLANG_WARN_BOOL_CONVERSION = YES;
				CLANG_WARN_CONSTANT_CONVERSION = YES;
				CLANG_WARN_DIRECT_OBJC_ISA_USAGE = YES_ERROR;
				CLANG_WARN_EMPTY_BODY = YES;
				CLANG_WARN_ENUM_CONVERSION = YES;
				CLANG_WARN_INT_CONVERSION = YES;
				CLANG_WARN_OBJC_ROOT_CLASS = YES_ERROR;
				CLANG_WARN_UNREACHABLE_CODE = YES;
				CLANG_WARN__DUPLICATE_METHOD_MATCH = YES;
				COPY_PHASE_STRIP = YES;
				DEBUG_INFORMATION_FORMAT = "dwarf-with-dsym";
				ENABLE_NS_ASSERTIONS = NO;
				ENABLE_STRICT_OBJC_MSGSEND = YES;
				GCC_C_LANGUAGE_STANDARD = gnu99;
				GCC_WARN_64_TO_32_BIT_CONVERSION = YES;
				GCC_WARN_ABOUT_RETURN_TYPE = YES_ERROR;
				GCC_WARN_UNDECLARED_SELECTOR = YES;
				GCC_WARN_UNINITIALIZED_AUTOS = YES_AGGRESSIVE;
				GCC_WARN_UNUSED_FUNCTION = YES;
				GCC_WARN_UNUSED_VARIABLE = YES;
				MACOSX_DEPLOYMENT_TARGET = 10.10;
				MTL_ENABLE_DEBUG_INFO = NO;
				SDKROOT = macosx;
			};
			name = Release;
		};
		4BCBAEF31A16AA7F00AC5F13 /* Debug */ = {
			isa = XCBuildConfiguration;
			buildSettings = {
				PRODUCT_NAME = "$(TARGET_NAME)";
			};
			name = Debug;
		};
		4BCBAEF41A16AA7F00AC5F13 /* Release */ = {
			isa = XCBuildConfiguration;
			buildSettings = {
				PRODUCT_NAME = "$(TARGET_NAME)";
			};
			name = Release;
		};
/* End XCBuildConfiguration section */

/* Begin XCConfigurationList section */
		4BCBAEE61A16AA7E00AC5F13 /* Build configuration list for PBXProject "10001PrimeNumber" */ = {
			isa = XCConfigurationList;
			buildConfigurations = (
				4BCBAEF01A16AA7F00AC5F13 /* Debug */,
				4BCBAEF11A16AA7F00AC5F13 /* Release */,
			);
			defaultConfigurationIsVisible = 0;
			defaultConfigurationName = Release;
		};
		4BCBAEF21A16AA7F00AC5F13 /* Build configuration list for PBXNativeTarget "10001PrimeNumber" */ = {
			isa = XCConfigurationList;
			buildConfigurations = (
				4BCBAEF31A16AA7F00AC5F13 /* Debug */,
				4BCBAEF41A16AA7F00AC5F13 /* Release */,
			);
			defaultConfigurationIsVisible = 0;
		};
/* End XCConfigurationList section */
	};
	rootObject = 4BCBAEE31A16AA7E00AC5F13 /* Project object */;
}
