// !$*UTF8*$!
{
	archiveVersion = 1;
	classes = {
	};
	objectVersion = 46;
	objects = {

/* Begin PBXBuildFile section */
		4B40D56219F47A4B00EB56BF /* main.cpp in Sources */ = {isa = PBXBuildFile; fileRef = 4B40D56119F47A4B00EB56BF /* main.cpp */; };
/* End PBXBuildFile section */

/* Begin PBXCopyFilesBuildPhase section */
		4B40D55C19F47A4B00EB56BF /* CopyFiles */ = {
			isa = PBXCopyFilesBuildPhase;
			buildActionMask = 2147483647;
			dstPath = /usr/share/man/man1/;
			dstSubfolderSpec = 0;
			files = (
			);
			runOnlyForDeploymentPostprocessing = 1;
		};
/* End PBXCopyFilesBuildPhase section */

/* Begin PBXFileReference section */
		4B40D55E19F47A4B00EB56BF /* DifferenceSumSquares */ = {isa = PBXFileReference; explicitFileType = "compiled.mach-o.executable"; includeInIndex = 0; path = DifferenceSumSquares; sourceTree = BUILT_PRODUCTS_DIR; };
		4B40D56119F47A4B00EB56BF /* main.cpp */ = {isa = PBXFileReference; lastKnownFileType = sourcecode.cpp.cpp; path = main.cpp; sourceTree = "<group>"; };
/* End PBXFileReference section */

/* Begin PBXFrameworksBuildPhase section */
		4B40D55B19F47A4B00EB56BF /* Frameworks */ = {
			isa = PBXFrameworksBuildPhase;
			buildActionMask = 2147483647;
			files = (
			);
			runOnlyForDeploymentPostprocessing = 0;
		};
/* End PBXFrameworksBuildPhase section */

/* Begin PBXGroup section */
		4B40D55519F47A4B00EB56BF = {
			isa = PBXGroup;
			children = (
				4B40D56019F47A4B00EB56BF /* DifferenceSumSquares */,
				4B40D55F19F47A4B00EB56BF /* Products */,
			);
			sourceTree = "<group>";
		};
		4B40D55F19F47A4B00EB56BF /* Products */ = {
			isa = PBXGroup;
			children = (
				4B40D55E19F47A4B00EB56BF /* DifferenceSumSquares */,
			);
			name = Products;
			sourceTree = "<group>";
		};
		4B40D56019F47A4B00EB56BF /* DifferenceSumSquares */ = {
			isa = PBXGroup;
			children = (
				4B40D56119F47A4B00EB56BF /* main.cpp */,
			);
			path = DifferenceSumSquares;
			sourceTree = "<group>";
		};
/* End PBXGroup section */

/* Begin PBXNativeTarget section */
		4B40D55D19F47A4B00EB56BF /* DifferenceSumSquares */ = {
			isa = PBXNativeTarget;
			buildConfigurationList = 4B40D56519F47A4B00EB56BF /* Build configuration list for PBXNativeTarget "DifferenceSumSquares" */;
			buildPhases = (
				4B40D55A19F47A4B00EB56BF /* Sources */,
				4B40D55B19F47A4B00EB56BF /* Frameworks */,
				4B40D55C19F47A4B00EB56BF /* CopyFiles */,
			);
			buildRules = (
			);
			dependencies = (
			);
			name = DifferenceSumSquares;
			productName = DifferenceSumSquares;
			productReference = 4B40D55E19F47A4B00EB56BF /* DifferenceSumSquares */;
			productType = "com.apple.product-type.tool";
		};
/* End PBXNativeTarget section */

/* Begin PBXProject section */
		4B40D55619F47A4B00EB56BF /* Project object */ = {
			isa = PBXProject;
			attributes = {
				LastUpgradeCheck = 0600;
				ORGANIZATIONNAME = Nikkev;
				TargetAttributes = {
					4B40D55D19F47A4B00EB56BF = {
						CreatedOnToolsVersion = 6.0.1;
					};
				};
			};
			buildConfigurationList = 4B40D55919F47A4B00EB56BF /* Build configuration list for PBXProject "DifferenceSumSquares" */;
			compatibilityVersion = "Xcode 3.2";
			developmentRegion = English;
			hasScannedForEncodings = 0;
			knownRegions = (
				en,
			);
			mainGroup = 4B40D55519F47A4B00EB56BF;
			productRefGroup = 4B40D55F19F47A4B00EB56BF /* Products */;
			projectDirPath = "";
			projectRoot = "";
			targets = (
				4B40D55D19F47A4B00EB56BF /* DifferenceSumSquares */,
			);
		};
/* End PBXProject section */

/* Begin PBXSourcesBuildPhase section */
		4B40D55A19F47A4B00EB56BF /* Sources */ = {
			isa = PBXSourcesBuildPhase;
			buildActionMask = 2147483647;
			files = (
				4B40D56219F47A4B00EB56BF /* main.cpp in Sources */,
			);
			runOnlyForDeploymentPostprocessing = 0;
		};
/* End PBXSourcesBuildPhase section */

/* Begin XCBuildConfiguration section */
		4B40D56319F47A4B00EB56BF /* Debug */ = {
			isa = XCBuildConfiguration;
			buildSettings = {
				ALWAYS_SEARCH_USER_PATHS = NO;
				CLANG_CXX_LANGUAGE_STANDARD = "gnu++0x";
				CLANG_CXX_LIBRARY = "libc++";
				CLANG_ENABLE_MODULES = YES;
				CLANG_ENABLE_OBJC_ARC = YES;
				CLANG_WARN_BOOL_CONVERSION = YES;
				CLANG_WARN_CONSTANT_CONVERSION = YES;
				CLANG_WARN_DIRECT_OBJC_ISA_USAGE = YES_ERROR;
				CLANG_WARN_EMPTY_BODY = YES;
				CLANG_WARN_ENUM_CONVERSION = YES;
				CLANG_WARN_INT_CONVERSION = YES;
				CLANG_WARN_OBJC_ROOT_CLASS = YES_ERROR;
				CLANG_WARN_UNREACHABLE_CODE = YES;
				CLANG_WARN__DUPLICATE_METHOD_MATCH = YES;
				COPY_PHASE_STRIP = NO;
				ENABLE_STRICT_OBJC_MSGSEND = YES;
				GCC_C_LANGUAGE_STANDARD = gnu99;
				GCC_DYNAMIC_NO_PIC = NO;
				GCC_OPTIMIZATION_LEVEL = 0;
				GCC_PREPROCESSOR_DEFINITIONS = (
					"DEBUG=1",
					"$(inherited)",
				);
				GCC_SYMBOLS_PRIVATE_EXTERN = NO;
				GCC_WARN_64_TO_32_BIT_CONVERSION = YES;
				GCC_WARN_ABOUT_RETURN_TYPE = YES_ERROR;
				GCC_WARN_UNDECLARED_SELECTOR = YES;
				GCC_WARN_UNINITIALIZED_AUTOS = YES_AGGRESSIVE;
				GCC_WARN_UNUSED_FUNCTION = YES;
				GCC_WARN_UNUSED_VARIABLE = YES;
				MACOSX_DEPLOYMENT_TARGET = 10.10;
				MTL_ENABLE_DEBUG_INFO = YES;
				ONLY_ACTIVE_ARCH = YES;
				SDKROOT = macosx;
			};
			name = Debug;
		};
		4B40D56419F47A4B00EB56BF /* Release */ = {
			isa = XCBuildConfiguration;
			buildSettings = {
				ALWAYS_SEARCH_USER_PATHS = NO;
				CLANG_CXX_LANGUAGE_STANDARD = "gnu++0x";
				CLANG_CXX_LIBRARY = "libc++";
				CLANG_ENABLE_MODULES = YES;
				CLANG_ENABLE_OBJC_ARC = YES;
				CLANG_WARN_BOOL_CONVERSION = YES;
				CLANG_WARN_CONSTANT_CONVERSION = YES;
				CLANG_WARN_DIRECT_OBJC_ISA_USAGE = YES_ERROR;
				CLANG_WARN_EMPTY_BODY = YES;
				CLANG_WARN_ENUM_CONVERSION = YES;
				CLANG_WARN_INT_CONVERSION = YES;
				CLANG_WARN_OBJC_ROOT_CLASS = YES_ERROR;
				CLANG_WARN_UNREACHABLE_CODE = YES;
				CLANG_WARN__DUPLICATE_METHOD_MATCH = YES;
				COPY_PHASE_STRIP = YES;
				DEBUG_INFORMATION_FORMAT = "dwarf-with-dsym";
				ENABLE_NS_ASSERTIONS = NO;
				ENABLE_STRICT_OBJC_MSGSEND = YES;
				GCC_C_LANGUAGE_STANDARD = gnu99;
				GCC_WARN_64_TO_32_BIT_CONVERSION = YES;
				GCC_WARN_ABOUT_RETURN_TYPE = YES_ERROR;
				GCC_WARN_UNDECLARED_SELECTOR = YES;
				GCC_WARN_UNINITIALIZED_AUTOS = YES_AGGRESSIVE;
				GCC_WARN_UNUSED_FUNCTION = YES;
				GCC_WARN_UNUSED_VARIABLE = YES;
				MACOSX_DEPLOYMENT_TARGET = 10.10;
				MTL_ENABLE_DEBUG_INFO = NO;
				SDKROOT = macosx;
			};
			name = Release;
		};
		4B40D56619F47A4B00EB56BF /* Debug */ = {
			isa = XCBuildConfiguration;
			buildSettings = {
				PRODUCT_NAME = "$(TARGET_NAME)";
			};
			name = Debug;
		};
		4B40D56719F47A4B00EB56BF /* Release */ = {
			isa = XCBuildConfiguration;
			buildSettings = {
				PRODUCT_NAME = "$(TARGET_NAME)";
			};
			name = Release;
		};
/* End XCBuildConfiguration section */

/* Begin XCConfigurationList section */
		4B40D55919F47A4B00EB56BF /* Build configuration list for PBXProject "DifferenceSumSquares" */ = {
			isa = XCConfigurationList;
			buildConfigurations = (
				4B40D56319F47A4B00EB56BF /* Debug */,
				4B40D56419F47A4B00EB56BF /* Release */,
			);
			defaultConfigurationIsVisible = 0;
			defaultConfigurationName = Release;
		};
		4B40D56519F47A4B00EB56BF /* Build configuration list for PBXNativeTarget "DifferenceSumSquares" */ = {
			isa = XCConfigurationList;
			buildConfigurations = (
				4B40D56619F47A4B00EB56BF /* Debug */,
				4B40D56719F47A4B00EB56BF /* Release */,
			);
			defaultConfigurationIsVisible = 0;
		};
/* End XCConfigurationList section */
	};
	rootObject = 4B40D55619F47A4B00EB56BF /* Project object */;
}
